
Microsoft Visual Studio Solution File, Format Version 12.00
# Visual Studio Version 17
VisualStudioVersion = 17.0.31903.59
MinimumVisualStudioVersion = 10.0.40219.1
Project("{2150E333-8FDC-42A3-9474-1A3956D46DE8}") = "NeoMUD.Server", "NeoMUD.Server", "{B1358351-5276-E05C-DE95-29CDAFFC109E}"
EndProject
Project("{FAE04EC0-301F-11D3-BF4B-00C04F79EFBC}") = "NeoMUD", "NeoMUD.Server\NeoMUD.csproj", "{9252AB70-341F-46A4-9A73-879EB6B8101E}"
EndProject
Project("{FAE04EC0-301F-11D3-BF4B-00C04F79EFBC}") = "NeoMUD.Tests.Server", "NeoMUD.Tests.Server\NeoMUD.Tests.Server.csproj", "{ADD9CF1F-1B95-4966-B3B6-08E7D4619A1A}"
EndProject
Global
	GlobalSection(SolutionConfigurationPlatforms) = preSolution
		Debug|Any CPU = Debug|Any CPU
		Debug|x64 = Debug|x64
		Debug|x86 = Debug|x86
		Release|Any CPU = Release|Any CPU
		Release|x64 = Release|x64
		Release|x86 = Release|x86
	EndGlobalSection
	GlobalSection(ProjectConfigurationPlatforms) = postSolution
		{9252AB70-341F-46A4-9A73-879EB6B8101E}.Debug|Any CPU.ActiveCfg = Debug|Any CPU
		{9252AB70-341F-46A4-9A73-879EB6B8101E}.Debug|Any CPU.Build.0 = Debug|Any CPU
		{9252AB70-341F-46A4-9A73-879EB6B8101E}.Debug|x64.ActiveCfg = Debug|Any CPU
		{9252AB70-341F-46A4-9A73-879EB6B8101E}.Debug|x64.Build.0 = Debug|Any CPU
		{9252AB70-341F-46A4-9A73-879EB6B8101E}.Debug|x86.ActiveCfg = Debug|Any CPU
		{9252AB70-341F-46A4-9A73-879EB6B8101E}.Debug|x86.Build.0 = Debug|Any CPU
		{9252AB70-341F-46A4-9A73-879EB6B8101E}.Release|Any CPU.ActiveCfg = Release|Any CPU
		{9252AB70-341F-46A4-9A73-879EB6B8101E}.Release|Any CPU.Build.0 = Release|Any CPU
		{9252AB70-341F-46A4-9A73-879EB6B8101E}.Release|x64.ActiveCfg = Release|Any CPU
		{9252AB70-341F-46A4-9A73-879EB6B8101E}.Release|x64.Build.0 = Release|Any CPU
		{9252AB70-341F-46A4-9A73-879EB6B8101E}.Release|x86.ActiveCfg = Release|Any CPU
		{9252AB70-341F-46A4-9A73-879EB6B8101E}.Release|x86.Build.0 = Release|Any CPU
		{ADD9CF1F-1B95-4966-B3B6-08E7D4619A1A}.Debug|Any CPU.ActiveCfg = Debug|Any CPU
		{ADD9CF1F-1B95-4966-B3B6-08E7D4619A1A}.Debug|Any CPU.Build.0 = Debug|Any CPU
		{ADD9CF1F-1B95-4966-B3B6-08E7D4619A1A}.Debug|x64.ActiveCfg = Debug|Any CPU
		{ADD9CF1F-1B95-4966-B3B6-08E7D4619A1A}.Debug|x64.Build.0 = Debug|Any CPU
		{ADD9CF1F-1B95-4966-B3B6-08E7D4619A1A}.Debug|x86.ActiveCfg = Debug|Any CPU
		{ADD9CF1F-1B95-4966-B3B6-08E7D4619A1A}.Debug|x86.Build.0 = Debug|Any CPU
		{ADD9CF1F-1B95-4966-B3B6-08E7D4619A1A}.Release|Any CPU.ActiveCfg = Release|Any CPU
		{ADD9CF1F-1B95-4966-B3B6-08E7D4619A1A}.Release|Any CPU.Build.0 = Release|Any CPU
		{ADD9CF1F-1B95-4966-B3B6-08E7D4619A1A}.Release|x64.ActiveCfg = Release|Any CPU
		{ADD9CF1F-1B95-4966-B3B6-08E7D4619A1A}.Release|x64.Build.0 = Release|Any CPU
		{ADD9CF1F-1B95-4966-B3B6-08E7D4619A1A}.Release|x86.ActiveCfg = Release|Any CPU
		{ADD9CF1F-1B95-4966-B3B6-08E7D4619A1A}.Release|x86.Build.0 = Release|Any CPU
	EndGlobalSection
	GlobalSection(SolutionProperties) = preSolution
		HideSolutionNode = FALSE
	EndGlobalSection
	GlobalSection(NestedProjects) = preSolution
		{9252AB70-341F-46A4-9A73-879EB6B8101E} = {B1358351-5276-E05C-DE95-29CDAFFC109E}
	EndGlobalSection
EndGlobal
